
Microsoft Visual Studio Solution File, Format Version 12.00
# Visual Studio Version 17
VisualStudioVersion = 17.1.32328.378
MinimumVisualStudioVersion = 10.0.40219.1
Project("{FAE04EC0-301F-11D3-BF4B-00C04F79EFBC}") = "WebServiceLibros", "WebServiceLibros\WebServiceLibros.csproj", "{10C838D3-EB1E-405F-9DA9-E9D1D65ED660}"
EndProject
Global
	GlobalSection(SolutionConfigurationPlatforms) = preSolution
		Debug|Any CPU = Debug|Any CPU
		Release|Any CPU = Release|Any CPU
	EndGlobalSection
	GlobalSection(ProjectConfigurationPlatforms) = postSolution
		{10C838D3-EB1E-405F-9DA9-E9D1D65ED660}.Debug|Any CPU.ActiveCfg = Debug|Any CPU
		{10C838D3-EB1E-405F-9DA9-E9D1D65ED660}.Debug|Any CPU.Build.0 = Debug|Any CPU
		{10C838D3-EB1E-405F-9DA9-E9D1D65ED660}.Release|Any CPU.ActiveCfg = Release|Any CPU
		{10C838D3-EB1E-405F-9DA9-E9D1D65ED660}.Release|Any CPU.Build.0 = Release|Any CPU
	EndGlobalSection
	GlobalSection(SolutionProperties) = preSolution
		HideSolutionNode = FALSE
	EndGlobalSection
	GlobalSection(ExtensibilityGlobals) = postSolution
		SolutionGuid = {F603CDE9-EB3B-4216-98B3-C6411D45D8B5}
	EndGlobalSection
EndGlobal
